
Microsoft Visual Studio Solution File, Format Version 12.00
# Visual Studio Version 17
VisualStudioVersion = 17.9.34728.123
MinimumVisualStudioVersion = 10.0.40219.1
Project("{FAE04EC0-301F-11D3-BF4B-00C04F79EFBC}") = "Sortering", "Sortering\Sortering.csproj", "{288FBBA0-B96D-4F92-B2C7-3122D4B2E6C9}"
EndProject
Global
	GlobalSection(SolutionConfigurationPlatforms) = preSolution
		Debug|Any CPU = Debug|Any CPU
		Release|Any CPU = Release|Any CPU
	EndGlobalSection
	GlobalSection(ProjectConfigurationPlatforms) = postSolution
		{288FBBA0-B96D-4F92-B2C7-3122D4B2E6C9}.Debug|Any CPU.ActiveCfg = Debug|Any CPU
		{288FBBA0-B96D-4F92-B2C7-3122D4B2E6C9}.Debug|Any CPU.Build.0 = Debug|Any CPU
		{288FBBA0-B96D-4F92-B2C7-3122D4B2E6C9}.Release|Any CPU.ActiveCfg = Release|Any CPU
		{288FBBA0-B96D-4F92-B2C7-3122D4B2E6C9}.Release|Any CPU.Build.0 = Release|Any CPU
	EndGlobalSection
	GlobalSection(SolutionProperties) = preSolution
		HideSolutionNode = FALSE
	EndGlobalSection
	GlobalSection(ExtensibilityGlobals) = postSolution
		SolutionGuid = {3F598D85-D7DB-408C-816A-8C187A9426B3}
	EndGlobalSection
EndGlobal
